
Microsoft Visual Studio Solution File, Format Version 12.00
# Visual Studio Version 17
VisualStudioVersion = 17.9.34728.123
MinimumVisualStudioVersion = 10.0.40219.1
Project("{9A19103F-16F7-4668-BE54-9A1E7A4F7556}") = "OSADotNetCore.ConsoleApp", "OSADotNetCore.ConsoleApp\OSADotNetCore.ConsoleApp.csproj", "{54847F8D-F1C4-4099-B470-68D4FA828CCB}"
EndProject
Project("{2150E333-8FDC-42A3-9474-1A3956D46DE8}") = "Documents", "Documents", "{DC0D380A-2CFD-48EF-8FDC-3CA79931E43B}"
	ProjectSection(SolutionItems) = preProject
		Note.md = Note.md
	EndProjectSection
EndProject
Project("{9A19103F-16F7-4668-BE54-9A1E7A4F7556}") = "OSADotNetCore.RestApi", "OSADotNetCore.RestApi\OSADotNetCore.RestApi.csproj", "{08D81707-1E2E-4BA4-A98F-21B66F6DE16E}"
EndProject
Project("{9A19103F-16F7-4668-BE54-9A1E7A4F7556}") = "OSADotNetCore.Shared", "OSADotNetCore.Shared\OSADotNetCore.Shared.csproj", "{A2876EC6-6DBA-4E96-9BDD-3E1BAA4EC318}"
EndProject
Project("{9A19103F-16F7-4668-BE54-9A1E7A4F7556}") = "OSADotNetCore.RestApiWithNLayer", "OSADotNetCore.RestApiWithNLayer\OSADotNetCore.RestApiWithNLayer.csproj", "{27BE82D6-9A46-44FA-863C-77BF9A2DE1E6}"
EndProject
Project("{9A19103F-16F7-4668-BE54-9A1E7A4F7556}") = "OSADotNetCore.ConsoleAppHttpClient", "OSADotNetCore.ConsoleAppHttpClient\OSADotNetCore.ConsoleAppHttpClient.csproj", "{7B92F3E6-D594-4710-BC3F-C0F38503515D}"
EndProject
Project("{9A19103F-16F7-4668-BE54-9A1E7A4F7556}") = "OSADotNetCore.ConsoleAppHttpClientExample", "OSADotNetCore.ConsoleAppHttpClientExample\OSADotNetCore.ConsoleAppHttpClientExample.csproj", "{3D920963-E4EA-4027-91B8-2A81B3951797}"
EndProject
Project("{FAE04EC0-301F-11D3-BF4B-00C04F79EFBC}") = "OSADotNetCore.ConsoleAppRestClientExamples", "OSADotNetCore.ConsoleAppRestClientExamples\OSADotNetCore.ConsoleAppRestClientExamples.csproj", "{5AF76EB5-55ED-4915-978E-D0460FE76C55}"
EndProject
Global
	GlobalSection(SolutionConfigurationPlatforms) = preSolution
		Debug|Any CPU = Debug|Any CPU
		Release|Any CPU = Release|Any CPU
	EndGlobalSection
	GlobalSection(ProjectConfigurationPlatforms) = postSolution
		{54847F8D-F1C4-4099-B470-68D4FA828CCB}.Debug|Any CPU.ActiveCfg = Debug|Any CPU
		{54847F8D-F1C4-4099-B470-68D4FA828CCB}.Debug|Any CPU.Build.0 = Debug|Any CPU
		{54847F8D-F1C4-4099-B470-68D4FA828CCB}.Release|Any CPU.ActiveCfg = Release|Any CPU
		{54847F8D-F1C4-4099-B470-68D4FA828CCB}.Release|Any CPU.Build.0 = Release|Any CPU
		{08D81707-1E2E-4BA4-A98F-21B66F6DE16E}.Debug|Any CPU.ActiveCfg = Debug|Any CPU
		{08D81707-1E2E-4BA4-A98F-21B66F6DE16E}.Debug|Any CPU.Build.0 = Debug|Any CPU
		{08D81707-1E2E-4BA4-A98F-21B66F6DE16E}.Release|Any CPU.ActiveCfg = Release|Any CPU
		{08D81707-1E2E-4BA4-A98F-21B66F6DE16E}.Release|Any CPU.Build.0 = Release|Any CPU
		{A2876EC6-6DBA-4E96-9BDD-3E1BAA4EC318}.Debug|Any CPU.ActiveCfg = Debug|Any CPU
		{A2876EC6-6DBA-4E96-9BDD-3E1BAA4EC318}.Debug|Any CPU.Build.0 = Debug|Any CPU
		{A2876EC6-6DBA-4E96-9BDD-3E1BAA4EC318}.Release|Any CPU.ActiveCfg = Release|Any CPU
		{A2876EC6-6DBA-4E96-9BDD-3E1BAA4EC318}.Release|Any CPU.Build.0 = Release|Any CPU
		{27BE82D6-9A46-44FA-863C-77BF9A2DE1E6}.Debug|Any CPU.ActiveCfg = Debug|Any CPU
		{27BE82D6-9A46-44FA-863C-77BF9A2DE1E6}.Debug|Any CPU.Build.0 = Debug|Any CPU
		{27BE82D6-9A46-44FA-863C-77BF9A2DE1E6}.Release|Any CPU.ActiveCfg = Release|Any CPU
		{27BE82D6-9A46-44FA-863C-77BF9A2DE1E6}.Release|Any CPU.Build.0 = Release|Any CPU
		{7B92F3E6-D594-4710-BC3F-C0F38503515D}.Debug|Any CPU.ActiveCfg = Debug|Any CPU
		{7B92F3E6-D594-4710-BC3F-C0F38503515D}.Debug|Any CPU.Build.0 = Debug|Any CPU
		{7B92F3E6-D594-4710-BC3F-C0F38503515D}.Release|Any CPU.ActiveCfg = Release|Any CPU
		{7B92F3E6-D594-4710-BC3F-C0F38503515D}.Release|Any CPU.Build.0 = Release|Any CPU
		{3D920963-E4EA-4027-91B8-2A81B3951797}.Debug|Any CPU.ActiveCfg = Debug|Any CPU
		{3D920963-E4EA-4027-91B8-2A81B3951797}.Debug|Any CPU.Build.0 = Debug|Any CPU
		{3D920963-E4EA-4027-91B8-2A81B3951797}.Release|Any CPU.ActiveCfg = Release|Any CPU
		{3D920963-E4EA-4027-91B8-2A81B3951797}.Release|Any CPU.Build.0 = Release|Any CPU
		{5AF76EB5-55ED-4915-978E-D0460FE76C55}.Debug|Any CPU.ActiveCfg = Debug|Any CPU
		{5AF76EB5-55ED-4915-978E-D0460FE76C55}.Debug|Any CPU.Build.0 = Debug|Any CPU
		{5AF76EB5-55ED-4915-978E-D0460FE76C55}.Release|Any CPU.ActiveCfg = Release|Any CPU
		{5AF76EB5-55ED-4915-978E-D0460FE76C55}.Release|Any CPU.Build.0 = Release|Any CPU
	EndGlobalSection
	GlobalSection(SolutionProperties) = preSolution
		HideSolutionNode = FALSE
	EndGlobalSection
	GlobalSection(ExtensibilityGlobals) = postSolution
		SolutionGuid = {2F82F97D-0B11-485C-8ED7-3040DE5F8FE0}
	EndGlobalSection
EndGlobal
